
Microsoft Visual Studio Solution File, Format Version 12.00
# Visual Studio Version 17
VisualStudioVersion = 17.0.32112.339
MinimumVisualStudioVersion = 10.0.40219.1
Project("{FAE04EC0-301F-11D3-BF4B-00C04F79EFBC}") = "BlogApp.Shared", "BlogApp.Shared\BlogApp.Shared.csproj", "{15A024F5-DA74-44AE-8105-DD58FDE2818F}"
EndProject
Project("{FAE04EC0-301F-11D3-BF4B-00C04F79EFBC}") = "BlogApp.Entities", "BlogApp.Entities\BlogApp.Entities.csproj", "{8370F617-A0CE-4DB0-B746-81780C5010CE}"
EndProject
Project("{FAE04EC0-301F-11D3-BF4B-00C04F79EFBC}") = "BlogApp.Data", "BlogApp.Data\BlogApp.Data.csproj", "{8640D7E9-FF19-492B-996F-BCF21AD3A050}"
EndProject
Project("{FAE04EC0-301F-11D3-BF4B-00C04F79EFBC}") = "BlogApp.Services", "BlogApp.Services\BlogApp.Services.csproj", "{2BC339AB-E11B-4579-90E7-709E175B8D0D}"
EndProject
Project("{FAE04EC0-301F-11D3-BF4B-00C04F79EFBC}") = "BlogApp.Mvc", "BlogApp.Mvc\BlogApp.Mvc.csproj", "{B6ECE3FC-BAF4-4958-BB7D-B3D7D9D49D85}"
EndProject
Global
	GlobalSection(SolutionConfigurationPlatforms) = preSolution
		Debug|Any CPU = Debug|Any CPU
		Release|Any CPU = Release|Any CPU
	EndGlobalSection
	GlobalSection(ProjectConfigurationPlatforms) = postSolution
		{15A024F5-DA74-44AE-8105-DD58FDE2818F}.Debug|Any CPU.ActiveCfg = Debug|Any CPU
		{15A024F5-DA74-44AE-8105-DD58FDE2818F}.Debug|Any CPU.Build.0 = Debug|Any CPU
		{15A024F5-DA74-44AE-8105-DD58FDE2818F}.Release|Any CPU.ActiveCfg = Release|Any CPU
		{15A024F5-DA74-44AE-8105-DD58FDE2818F}.Release|Any CPU.Build.0 = Release|Any CPU
		{8370F617-A0CE-4DB0-B746-81780C5010CE}.Debug|Any CPU.ActiveCfg = Debug|Any CPU
		{8370F617-A0CE-4DB0-B746-81780C5010CE}.Debug|Any CPU.Build.0 = Debug|Any CPU
		{8370F617-A0CE-4DB0-B746-81780C5010CE}.Release|Any CPU.ActiveCfg = Release|Any CPU
		{8370F617-A0CE-4DB0-B746-81780C5010CE}.Release|Any CPU.Build.0 = Release|Any CPU
		{8640D7E9-FF19-492B-996F-BCF21AD3A050}.Debug|Any CPU.ActiveCfg = Debug|Any CPU
		{8640D7E9-FF19-492B-996F-BCF21AD3A050}.Debug|Any CPU.Build.0 = Debug|Any CPU
		{8640D7E9-FF19-492B-996F-BCF21AD3A050}.Release|Any CPU.ActiveCfg = Release|Any CPU
		{8640D7E9-FF19-492B-996F-BCF21AD3A050}.Release|Any CPU.Build.0 = Release|Any CPU
		{2BC339AB-E11B-4579-90E7-709E175B8D0D}.Debug|Any CPU.ActiveCfg = Debug|Any CPU
		{2BC339AB-E11B-4579-90E7-709E175B8D0D}.Debug|Any CPU.Build.0 = Debug|Any CPU
		{2BC339AB-E11B-4579-90E7-709E175B8D0D}.Release|Any CPU.ActiveCfg = Release|Any CPU
		{2BC339AB-E11B-4579-90E7-709E175B8D0D}.Release|Any CPU.Build.0 = Release|Any CPU
		{B6ECE3FC-BAF4-4958-BB7D-B3D7D9D49D85}.Debug|Any CPU.ActiveCfg = Debug|Any CPU
		{B6ECE3FC-BAF4-4958-BB7D-B3D7D9D49D85}.Debug|Any CPU.Build.0 = Debug|Any CPU
		{B6ECE3FC-BAF4-4958-BB7D-B3D7D9D49D85}.Release|Any CPU.ActiveCfg = Release|Any CPU
		{B6ECE3FC-BAF4-4958-BB7D-B3D7D9D49D85}.Release|Any CPU.Build.0 = Release|Any CPU
	EndGlobalSection
	GlobalSection(SolutionProperties) = preSolution
		HideSolutionNode = FALSE
	EndGlobalSection
	GlobalSection(ExtensibilityGlobals) = postSolution
		SolutionGuid = {9BDF93A9-DB0F-4704-9602-A8EFCA62B25C}
	EndGlobalSection
EndGlobal
